
Microsoft Visual Studio Solution File, Format Version 12.00
# Visual Studio Version 16
VisualStudioVersion = 16.0.30330.147
MinimumVisualStudioVersion = 10.0.40219.1
Project("{9A19103F-16F7-4668-BE54-9A1E7A4F7556}") = "AphrieTask", "AphrieTask\AphrieTask.csproj", "{020D83AB-CD59-463E-98CC-AF1386A91891}"
EndProject
Project("{9A19103F-16F7-4668-BE54-9A1E7A4F7556}") = "Entities", "Entities\Entities.csproj", "{73C4DAE9-E6D8-41D2-A9F8-D1A00458785B}"
EndProject
Project("{9A19103F-16F7-4668-BE54-9A1E7A4F7556}") = "Repository", "Repository\Repository.csproj", "{19B08DF9-5CA0-480C-A3A8-3F55805E4A97}"
EndProject
Project("{9A19103F-16F7-4668-BE54-9A1E7A4F7556}") = "Services", "Services\Services.csproj", "{40F19A9E-4561-47C2-8072-5C29F6359809}"
EndProject
Global
	GlobalSection(SolutionConfigurationPlatforms) = preSolution
		Debug|Any CPU = Debug|Any CPU
		Release|Any CPU = Release|Any CPU
	EndGlobalSection
	GlobalSection(ProjectConfigurationPlatforms) = postSolution
		{020D83AB-CD59-463E-98CC-AF1386A91891}.Debug|Any CPU.ActiveCfg = Debug|Any CPU
		{020D83AB-CD59-463E-98CC-AF1386A91891}.Debug|Any CPU.Build.0 = Debug|Any CPU
		{020D83AB-CD59-463E-98CC-AF1386A91891}.Release|Any CPU.ActiveCfg = Release|Any CPU
		{020D83AB-CD59-463E-98CC-AF1386A91891}.Release|Any CPU.Build.0 = Release|Any CPU
		{73C4DAE9-E6D8-41D2-A9F8-D1A00458785B}.Debug|Any CPU.ActiveCfg = Debug|Any CPU
		{73C4DAE9-E6D8-41D2-A9F8-D1A00458785B}.Debug|Any CPU.Build.0 = Debug|Any CPU
		{73C4DAE9-E6D8-41D2-A9F8-D1A00458785B}.Release|Any CPU.ActiveCfg = Release|Any CPU
		{73C4DAE9-E6D8-41D2-A9F8-D1A00458785B}.Release|Any CPU.Build.0 = Release|Any CPU
		{19B08DF9-5CA0-480C-A3A8-3F55805E4A97}.Debug|Any CPU.ActiveCfg = Debug|Any CPU
		{19B08DF9-5CA0-480C-A3A8-3F55805E4A97}.Debug|Any CPU.Build.0 = Debug|Any CPU
		{19B08DF9-5CA0-480C-A3A8-3F55805E4A97}.Release|Any CPU.ActiveCfg = Release|Any CPU
		{19B08DF9-5CA0-480C-A3A8-3F55805E4A97}.Release|Any CPU.Build.0 = Release|Any CPU
		{40F19A9E-4561-47C2-8072-5C29F6359809}.Debug|Any CPU.ActiveCfg = Debug|Any CPU
		{40F19A9E-4561-47C2-8072-5C29F6359809}.Debug|Any CPU.Build.0 = Debug|Any CPU
		{40F19A9E-4561-47C2-8072-5C29F6359809}.Release|Any CPU.ActiveCfg = Release|Any CPU
		{40F19A9E-4561-47C2-8072-5C29F6359809}.Release|Any CPU.Build.0 = Release|Any CPU
	EndGlobalSection
	GlobalSection(SolutionProperties) = preSolution
		HideSolutionNode = FALSE
	EndGlobalSection
	GlobalSection(ExtensibilityGlobals) = postSolution
		SolutionGuid = {4888C119-5715-4041-90F4-E42BF3FEB9AF}
	EndGlobalSection
EndGlobal
